// !$*UTF8*$!
{
	archiveVersion = 1;
	classes = {
	};
	objectVersion = 46;
	objects = {

/* Begin PBXBuildFile section */
		252F12EE19E0F61200DB613C /* main.m in Sources */ = {isa = PBXBuildFile; fileRef = 252F12ED19E0F61200DB613C /* main.m */; };
		252F12F119E0F61200DB613C /* AppDelegate.m in Sources */ = {isa = PBXBuildFile; fileRef = 252F12F019E0F61200DB613C /* AppDelegate.m */; };
		252F12F719E0F61200DB613C /* Main.storyboard in Resources */ = {isa = PBXBuildFile; fileRef = 252F12F519E0F61200DB613C /* Main.storyboard */; };
		252F12F919E0F61200DB613C /* Images.xcassets in Resources */ = {isa = PBXBuildFile; fileRef = 252F12F819E0F61200DB613C /* Images.xcassets */; };
		252F12FC19E0F61200DB613C /* LaunchScreen.xib in Resources */ = {isa = PBXBuildFile; fileRef = 252F12FA19E0F61200DB613C /* LaunchScreen.xib */; };
		252F130819E0F61200DB613C /* CSServerNotificationTests.m in Sources */ = {isa = PBXBuildFile; fileRef = 252F130719E0F61200DB613C /* CSServerNotificationTests.m */; };
		25895E8419E3B96400E9E40D /* CocoaAsyncSocket.podspec in Resources */ = {isa = PBXBuildFile; fileRef = 25895D4519E3B96300E9E40D /* CocoaAsyncSocket.podspec */; };
		25895E8519E3B96400E9E40D /* Documentation.html in Resources */ = {isa = PBXBuildFile; fileRef = 25895D4719E3B96300E9E40D /* Documentation.html */; };
		25895E8619E3B96400E9E40D /* GCDAsyncSocket.m in Sources */ = {isa = PBXBuildFile; fileRef = 25895D4919E3B96300E9E40D /* GCDAsyncSocket.m */; };
		25895E8719E3B96400E9E40D /* GCDAsyncUdpSocket.m in Sources */ = {isa = PBXBuildFile; fileRef = 25895D4B19E3B96300E9E40D /* GCDAsyncUdpSocket.m */; };
		25895EFB19E3B96400E9E40D /* DDAbstractDatabaseLogger.m in Sources */ = {isa = PBXBuildFile; fileRef = 25895E7119E3B96400E9E40D /* DDAbstractDatabaseLogger.m */; };
		25895EFC19E3B96400E9E40D /* DDASLLogger.m in Sources */ = {isa = PBXBuildFile; fileRef = 25895E7319E3B96400E9E40D /* DDASLLogger.m */; };
		25895EFD19E3B96400E9E40D /* DDFileLogger.m in Sources */ = {isa = PBXBuildFile; fileRef = 25895E7519E3B96400E9E40D /* DDFileLogger.m */; };
		25895EFE19E3B96400E9E40D /* DDLog.m in Sources */ = {isa = PBXBuildFile; fileRef = 25895E7819E3B96400E9E40D /* DDLog.m */; };
		25895EFF19E3B96400E9E40D /* DDTTYLogger.m in Sources */ = {isa = PBXBuildFile; fileRef = 25895E7A19E3B96400E9E40D /* DDTTYLogger.m */; };
		25895F0019E3B96400E9E40D /* DDContextFilterLogFormatter.m in Sources */ = {isa = PBXBuildFile; fileRef = 25895E7D19E3B96400E9E40D /* DDContextFilterLogFormatter.m */; };
		25895F0119E3B96400E9E40D /* DDDispatchQueueLogFormatter.m in Sources */ = {isa = PBXBuildFile; fileRef = 25895E7F19E3B96400E9E40D /* DDDispatchQueueLogFormatter.m */; };
		25895F0219E3B96400E9E40D /* DDMultiFormatter.m in Sources */ = {isa = PBXBuildFile; fileRef = 25895E8119E3B96400E9E40D /* DDMultiFormatter.m */; };
		25895F0319E3B96400E9E40D /* README.txt in Resources */ = {isa = PBXBuildFile; fileRef = 25895E8219E3B96400E9E40D /* README.txt */; };
		25895F3919E3BDE000E9E40D /* ServerTVC.m in Sources */ = {isa = PBXBuildFile; fileRef = 25895F3819E3BDE000E9E40D /* ServerTVC.m */; };
/* End PBXBuildFile section */

/* Begin PBXContainerItemProxy section */
		252F130219E0F61200DB613C /* PBXContainerItemProxy */ = {
			isa = PBXContainerItemProxy;
			containerPortal = 252F12E019E0F61200DB613C /* Project object */;
			proxyType = 1;
			remoteGlobalIDString = 252F12E719E0F61200DB613C;
			remoteInfo = CSServerNotification;
		};
/* End PBXContainerItemProxy section */

/* Begin PBXFileReference section */
		252F12E819E0F61200DB613C /* CSServerNotification.app */ = {isa = PBXFileReference; explicitFileType = wrapper.application; includeInIndex = 0; path = CSServerNotification.app; sourceTree = BUILT_PRODUCTS_DIR; };
		252F12EC19E0F61200DB613C /* Info.plist */ = {isa = PBXFileReference; lastKnownFileType = text.plist.xml; path = Info.plist; sourceTree = "<group>"; };
		252F12ED19E0F61200DB613C /* main.m */ = {isa = PBXFileReference; lastKnownFileType = sourcecode.c.objc; path = main.m; sourceTree = "<group>"; };
		252F12EF19E0F61200DB613C /* AppDelegate.h */ = {isa = PBXFileReference; lastKnownFileType = sourcecode.c.h; path = AppDelegate.h; sourceTree = "<group>"; };
		252F12F019E0F61200DB613C /* AppDelegate.m */ = {isa = PBXFileReference; lastKnownFileType = sourcecode.c.objc; path = AppDelegate.m; sourceTree = "<group>"; };
		252F12F619E0F61200DB613C /* Base */ = {isa = PBXFileReference; lastKnownFileType = file.storyboard; name = Base; path = Base.lproj/Main.storyboard; sourceTree = "<group>"; };
		252F12F819E0F61200DB613C /* Images.xcassets */ = {isa = PBXFileReference; lastKnownFileType = folder.assetcatalog; path = Images.xcassets; sourceTree = "<group>"; };
		252F12FB19E0F61200DB613C /* Base */ = {isa = PBXFileReference; lastKnownFileType = file.xib; name = Base; path = Base.lproj/LaunchScreen.xib; sourceTree = "<group>"; };
		252F130119E0F61200DB613C /* CSServerNotificationTests.xctest */ = {isa = PBXFileReference; explicitFileType = wrapper.cfbundle; includeInIndex = 0; path = CSServerNotificationTests.xctest; sourceTree = BUILT_PRODUCTS_DIR; };
		252F130619E0F61200DB613C /* Info.plist */ = {isa = PBXFileReference; lastKnownFileType = text.plist.xml; path = Info.plist; sourceTree = "<group>"; };
		252F130719E0F61200DB613C /* CSServerNotificationTests.m */ = {isa = PBXFileReference; lastKnownFileType = sourcecode.c.objc; path = CSServerNotificationTests.m; sourceTree = "<group>"; };
		25895D4519E3B96300E9E40D /* CocoaAsyncSocket.podspec */ = {isa = PBXFileReference; fileEncoding = 4; lastKnownFileType = text; path = CocoaAsyncSocket.podspec; sourceTree = "<group>"; };
		25895D4719E3B96300E9E40D /* Documentation.html */ = {isa = PBXFileReference; fileEncoding = 4; lastKnownFileType = text.html; path = Documentation.html; sourceTree = "<group>"; };
		25895D4819E3B96300E9E40D /* GCDAsyncSocket.h */ = {isa = PBXFileReference; fileEncoding = 4; lastKnownFileType = sourcecode.c.h; path = GCDAsyncSocket.h; sourceTree = "<group>"; };
		25895D4919E3B96300E9E40D /* GCDAsyncSocket.m */ = {isa = PBXFileReference; fileEncoding = 4; lastKnownFileType = sourcecode.c.objc; path = GCDAsyncSocket.m; sourceTree = "<group>"; };
		25895D4A19E3B96300E9E40D /* GCDAsyncUdpSocket.h */ = {isa = PBXFileReference; fileEncoding = 4; lastKnownFileType = sourcecode.c.h; path = GCDAsyncUdpSocket.h; sourceTree = "<group>"; };
		25895D4B19E3B96300E9E40D /* GCDAsyncUdpSocket.m */ = {isa = PBXFileReference; fileEncoding = 4; lastKnownFileType = sourcecode.c.objc; path = GCDAsyncUdpSocket.m; sourceTree = "<group>"; };
		25895E7019E3B96400E9E40D /* DDAbstractDatabaseLogger.h */ = {isa = PBXFileReference; fileEncoding = 4; lastKnownFileType = sourcecode.c.h; path = DDAbstractDatabaseLogger.h; sourceTree = "<group>"; };
		25895E7119E3B96400E9E40D /* DDAbstractDatabaseLogger.m */ = {isa = PBXFileReference; fileEncoding = 4; lastKnownFileType = sourcecode.c.objc; path = DDAbstractDatabaseLogger.m; sourceTree = "<group>"; };
		25895E7219E3B96400E9E40D /* DDASLLogger.h */ = {isa = PBXFileReference; fileEncoding = 4; lastKnownFileType = sourcecode.c.h; path = DDASLLogger.h; sourceTree = "<group>"; };
		25895E7319E3B96400E9E40D /* DDASLLogger.m */ = {isa = PBXFileReference; fileEncoding = 4; lastKnownFileType = sourcecode.c.objc; path = DDASLLogger.m; sourceTree = "<group>"; };
		25895E7419E3B96400E9E40D /* DDFileLogger.h */ = {isa = PBXFileReference; fileEncoding = 4; lastKnownFileType = sourcecode.c.h; path = DDFileLogger.h; sourceTree = "<group>"; };
		25895E7519E3B96400E9E40D /* DDFileLogger.m */ = {isa = PBXFileReference; fileEncoding = 4; lastKnownFileType = sourcecode.c.objc; path = DDFileLogger.m; sourceTree = "<group>"; };
		25895E7619E3B96400E9E40D /* DDLog+LOGV.h */ = {isa = PBXFileReference; fileEncoding = 4; lastKnownFileType = sourcecode.c.h; path = "DDLog+LOGV.h"; sourceTree = "<group>"; };
		25895E7719E3B96400E9E40D /* DDLog.h */ = {isa = PBXFileReference; fileEncoding = 4; lastKnownFileType = sourcecode.c.h; path = DDLog.h; sourceTree = "<group>"; };
		25895E7819E3B96400E9E40D /* DDLog.m */ = {isa = PBXFileReference; fileEncoding = 4; lastKnownFileType = sourcecode.c.objc; path = DDLog.m; sourceTree = "<group>"; };
		25895E7919E3B96400E9E40D /* DDTTYLogger.h */ = {isa = PBXFileReference; fileEncoding = 4; lastKnownFileType = sourcecode.c.h; path = DDTTYLogger.h; sourceTree = "<group>"; };
		25895E7A19E3B96400E9E40D /* DDTTYLogger.m */ = {isa = PBXFileReference; fileEncoding = 4; lastKnownFileType = sourcecode.c.objc; path = DDTTYLogger.m; sourceTree = "<group>"; };
		25895E7C19E3B96400E9E40D /* DDContextFilterLogFormatter.h */ = {isa = PBXFileReference; fileEncoding = 4; lastKnownFileType = sourcecode.c.h; path = DDContextFilterLogFormatter.h; sourceTree = "<group>"; };
		25895E7D19E3B96400E9E40D /* DDContextFilterLogFormatter.m */ = {isa = PBXFileReference; fileEncoding = 4; lastKnownFileType = sourcecode.c.objc; path = DDContextFilterLogFormatter.m; sourceTree = "<group>"; };
		25895E7E19E3B96400E9E40D /* DDDispatchQueueLogFormatter.h */ = {isa = PBXFileReference; fileEncoding = 4; lastKnownFileType = sourcecode.c.h; path = DDDispatchQueueLogFormatter.h; sourceTree = "<group>"; };
		25895E7F19E3B96400E9E40D /* DDDispatchQueueLogFormatter.m */ = {isa = PBXFileReference; fileEncoding = 4; lastKnownFileType = sourcecode.c.objc; path = DDDispatchQueueLogFormatter.m; sourceTree = "<group>"; };
		25895E8019E3B96400E9E40D /* DDMultiFormatter.h */ = {isa = PBXFileReference; fileEncoding = 4; lastKnownFileType = sourcecode.c.h; path = DDMultiFormatter.h; sourceTree = "<group>"; };
		25895E8119E3B96400E9E40D /* DDMultiFormatter.m */ = {isa = PBXFileReference; fileEncoding = 4; lastKnownFileType = sourcecode.c.objc; path = DDMultiFormatter.m; sourceTree = "<group>"; };
		25895E8219E3B96400E9E40D /* README.txt */ = {isa = PBXFileReference; fileEncoding = 4; lastKnownFileType = text; path = README.txt; sourceTree = "<group>"; };
		25895F3719E3BDE000E9E40D /* ServerTVC.h */ = {isa = PBXFileReference; fileEncoding = 4; lastKnownFileType = sourcecode.c.h; path = ServerTVC.h; sourceTree = "<group>"; };
		25895F3819E3BDE000E9E40D /* ServerTVC.m */ = {isa = PBXFileReference; fileEncoding = 4; lastKnownFileType = sourcecode.c.objc; path = ServerTVC.m; sourceTree = "<group>"; };
/* End PBXFileReference section */

/* Begin PBXFrameworksBuildPhase section */
		252F12E519E0F61200DB613C /* Frameworks */ = {
			isa = PBXFrameworksBuildPhase;
			buildActionMask = 2147483647;
			files = (
			);
			runOnlyForDeploymentPostprocessing = 0;
		};
		252F12FE19E0F61200DB613C /* Frameworks */ = {
			isa = PBXFrameworksBuildPhase;
			buildActionMask = 2147483647;
			files = (
			);
			runOnlyForDeploymentPostprocessing = 0;
		};
/* End PBXFrameworksBuildPhase section */

/* Begin PBXGroup section */
		252F12DF19E0F61200DB613C = {
			isa = PBXGroup;
			children = (
				252F12EA19E0F61200DB613C /* CSServerNotification */,
				252F130419E0F61200DB613C /* CSServerNotificationTests */,
				252F12E919E0F61200DB613C /* Products */,
				25895D4319E3B96300E9E40D /* CocoaAsyncSocket */,
			);
			sourceTree = "<group>";
		};
		252F12E919E0F61200DB613C /* Products */ = {
			isa = PBXGroup;
			children = (
				252F12E819E0F61200DB613C /* CSServerNotification.app */,
				252F130119E0F61200DB613C /* CSServerNotificationTests.xctest */,
			);
			name = Products;
			sourceTree = "<group>";
		};
		252F12EA19E0F61200DB613C /* CSServerNotification */ = {
			isa = PBXGroup;
			children = (
				252F12EF19E0F61200DB613C /* AppDelegate.h */,
				252F12F019E0F61200DB613C /* AppDelegate.m */,
				252F12F519E0F61200DB613C /* Main.storyboard */,
				252F12F819E0F61200DB613C /* Images.xcassets */,
				252F12FA19E0F61200DB613C /* LaunchScreen.xib */,
				252F12EB19E0F61200DB613C /* Supporting Files */,
				25895F3719E3BDE000E9E40D /* ServerTVC.h */,
				25895F3819E3BDE000E9E40D /* ServerTVC.m */,
			);
			path = CSServerNotification;
			sourceTree = "<group>";
		};
		252F12EB19E0F61200DB613C /* Supporting Files */ = {
			isa = PBXGroup;
			children = (
				252F12EC19E0F61200DB613C /* Info.plist */,
				252F12ED19E0F61200DB613C /* main.m */,
			);
			name = "Supporting Files";
			sourceTree = "<group>";
		};
		252F130419E0F61200DB613C /* CSServerNotificationTests */ = {
			isa = PBXGroup;
			children = (
				252F130719E0F61200DB613C /* CSServerNotificationTests.m */,
				252F130519E0F61200DB613C /* Supporting Files */,
			);
			path = CSServerNotificationTests;
			sourceTree = "<group>";
		};
		252F130519E0F61200DB613C /* Supporting Files */ = {
			isa = PBXGroup;
			children = (
				252F130619E0F61200DB613C /* Info.plist */,
			);
			name = "Supporting Files";
			sourceTree = "<group>";
		};
		25895D4319E3B96300E9E40D /* CocoaAsyncSocket */ = {
			isa = PBXGroup;
			children = (
				25895D4519E3B96300E9E40D /* CocoaAsyncSocket.podspec */,
				25895D4619E3B96300E9E40D /* GCD */,
				25895E6E19E3B96400E9E40D /* Vendor */,
			);
			path = CocoaAsyncSocket;
			sourceTree = "<group>";
		};
		25895D4619E3B96300E9E40D /* GCD */ = {
			isa = PBXGroup;
			children = (
				25895D4719E3B96300E9E40D /* Documentation.html */,
				25895D4819E3B96300E9E40D /* GCDAsyncSocket.h */,
				25895D4919E3B96300E9E40D /* GCDAsyncSocket.m */,
				25895D4A19E3B96300E9E40D /* GCDAsyncUdpSocket.h */,
				25895D4B19E3B96300E9E40D /* GCDAsyncUdpSocket.m */,
			);
			path = GCD;
			sourceTree = "<group>";
		};
		25895E6E19E3B96400E9E40D /* Vendor */ = {
			isa = PBXGroup;
			children = (
				25895E6F19E3B96400E9E40D /* CocoaLumberjack */,
			);
			path = Vendor;
			sourceTree = "<group>";
		};
		25895E6F19E3B96400E9E40D /* CocoaLumberjack */ = {
			isa = PBXGroup;
			children = (
				25895E7019E3B96400E9E40D /* DDAbstractDatabaseLogger.h */,
				25895E7119E3B96400E9E40D /* DDAbstractDatabaseLogger.m */,
				25895E7219E3B96400E9E40D /* DDASLLogger.h */,
				25895E7319E3B96400E9E40D /* DDASLLogger.m */,
				25895E7419E3B96400E9E40D /* DDFileLogger.h */,
				25895E7519E3B96400E9E40D /* DDFileLogger.m */,
				25895E7619E3B96400E9E40D /* DDLog+LOGV.h */,
				25895E7719E3B96400E9E40D /* DDLog.h */,
				25895E7819E3B96400E9E40D /* DDLog.m */,
				25895E7919E3B96400E9E40D /* DDTTYLogger.h */,
				25895E7A19E3B96400E9E40D /* DDTTYLogger.m */,
				25895E7B19E3B96400E9E40D /* Extensions */,
			);
			path = CocoaLumberjack;
			sourceTree = "<group>";
		};
		25895E7B19E3B96400E9E40D /* Extensions */ = {
			isa = PBXGroup;
			children = (
				25895E7C19E3B96400E9E40D /* DDContextFilterLogFormatter.h */,
				25895E7D19E3B96400E9E40D /* DDContextFilterLogFormatter.m */,
				25895E7E19E3B96400E9E40D /* DDDispatchQueueLogFormatter.h */,
				25895E7F19E3B96400E9E40D /* DDDispatchQueueLogFormatter.m */,
				25895E8019E3B96400E9E40D /* DDMultiFormatter.h */,
				25895E8119E3B96400E9E40D /* DDMultiFormatter.m */,
				25895E8219E3B96400E9E40D /* README.txt */,
			);
			path = Extensions;
			sourceTree = "<group>";
		};
/* End PBXGroup section */

/* Begin PBXNativeTarget section */
		252F12E719E0F61200DB613C /* CSServerNotification */ = {
			isa = PBXNativeTarget;
			buildConfigurationList = 252F130B19E0F61200DB613C /* Build configuration list for PBXNativeTarget "CSServerNotification" */;
			buildPhases = (
				252F12E419E0F61200DB613C /* Sources */,
				252F12E519E0F61200DB613C /* Frameworks */,
				252F12E619E0F61200DB613C /* Resources */,
			);
			buildRules = (
			);
			dependencies = (
			);
			name = CSServerNotification;
			productName = CSServerNotification;
			productReference = 252F12E819E0F61200DB613C /* CSServerNotification.app */;
			productType = "com.apple.product-type.application";
		};
		252F130019E0F61200DB613C /* CSServerNotificationTests */ = {
			isa = PBXNativeTarget;
			buildConfigurationList = 252F130E19E0F61200DB613C /* Build configuration list for PBXNativeTarget "CSServerNotificationTests" */;
			buildPhases = (
				252F12FD19E0F61200DB613C /* Sources */,
				252F12FE19E0F61200DB613C /* Frameworks */,
				252F12FF19E0F61200DB613C /* Resources */,
			);
			buildRules = (
			);
			dependencies = (
				252F130319E0F61200DB613C /* PBXTargetDependency */,
			);
			name = CSServerNotificationTests;
			productName = CSServerNotificationTests;
			productReference = 252F130119E0F61200DB613C /* CSServerNotificationTests.xctest */;
			productType = "com.apple.product-type.bundle.unit-test";
		};
/* End PBXNativeTarget section */

/* Begin PBXProject section */
		252F12E019E0F61200DB613C /* Project object */ = {
			isa = PBXProject;
			attributes = {
				LastUpgradeCheck = 0600;
				ORGANIZATIONNAME = "Tyler Much";
				TargetAttributes = {
					252F12E719E0F61200DB613C = {
						CreatedOnToolsVersion = 6.0.1;
					};
					252F130019E0F61200DB613C = {
						CreatedOnToolsVersion = 6.0.1;
						TestTargetID = 252F12E719E0F61200DB613C;
					};
				};
			};
			buildConfigurationList = 252F12E319E0F61200DB613C /* Build configuration list for PBXProject "CSServerNotification" */;
			compatibilityVersion = "Xcode 3.2";
			developmentRegion = English;
			hasScannedForEncodings = 0;
			knownRegions = (
				en,
				Base,
				English,
			);
			mainGroup = 252F12DF19E0F61200DB613C;
			productRefGroup = 252F12E919E0F61200DB613C /* Products */;
			projectDirPath = "";
			projectRoot = "";
			targets = (
				252F12E719E0F61200DB613C /* CSServerNotification */,
				252F130019E0F61200DB613C /* CSServerNotificationTests */,
			);
		};
/* End PBXProject section */

/* Begin PBXResourcesBuildPhase section */
		252F12E619E0F61200DB613C /* Resources */ = {
			isa = PBXResourcesBuildPhase;
			buildActionMask = 2147483647;
			files = (
				25895E8519E3B96400E9E40D /* Documentation.html in Resources */,
				25895F0319E3B96400E9E40D /* README.txt in Resources */,
				252F12F719E0F61200DB613C /* Main.storyboard in Resources */,
				252F12FC19E0F61200DB613C /* LaunchScreen.xib in Resources */,
				252F12F919E0F61200DB613C /* Images.xcassets in Resources */,
				25895E8419E3B96400E9E40D /* CocoaAsyncSocket.podspec in Resources */,
			);
			runOnlyForDeploymentPostprocessing = 0;
		};
		252F12FF19E0F61200DB613C /* Resources */ = {
			isa = PBXResourcesBuildPhase;
			buildActionMask = 2147483647;
			files = (
			);
			runOnlyForDeploymentPostprocessing = 0;
		};
/* End PBXResourcesBuildPhase section */

/* Begin PBXSourcesBuildPhase section */
		252F12E419E0F61200DB613C /* Sources */ = {
			isa = PBXSourcesBuildPhase;
			buildActionMask = 2147483647;
			files = (
				25895EFD19E3B96400E9E40D /* DDFileLogger.m in Sources */,
				25895E8619E3B96400E9E40D /* GCDAsyncSocket.m in Sources */,
				25895F3919E3BDE000E9E40D /* ServerTVC.m in Sources */,
				25895EFC19E3B96400E9E40D /* DDASLLogger.m in Sources */,
				25895E8719E3B96400E9E40D /* GCDAsyncUdpSocket.m in Sources */,
				25895EFB19E3B96400E9E40D /* DDAbstractDatabaseLogger.m in Sources */,
				25895F0019E3B96400E9E40D /* DDContextFilterLogFormatter.m in Sources */,
				252F12F119E0F61200DB613C /* AppDelegate.m in Sources */,
				252F12EE19E0F61200DB613C /* main.m in Sources */,
				25895EFE19E3B96400E9E40D /* DDLog.m in Sources */,
				25895EFF19E3B96400E9E40D /* DDTTYLogger.m in Sources */,
				25895F0219E3B96400E9E40D /* DDMultiFormatter.m in Sources */,
				25895F0119E3B96400E9E40D /* DDDispatchQueueLogFormatter.m in Sources */,
			);
			runOnlyForDeploymentPostprocessing = 0;
		};
		252F12FD19E0F61200DB613C /* Sources */ = {
			isa = PBXSourcesBuildPhase;
			buildActionMask = 2147483647;
			files = (
				252F130819E0F61200DB613C /* CSServerNotificationTests.m in Sources */,
			);
			runOnlyForDeploymentPostprocessing = 0;
		};
/* End PBXSourcesBuildPhase section */

/* Begin PBXTargetDependency section */
		252F130319E0F61200DB613C /* PBXTargetDependency */ = {
			isa = PBXTargetDependency;
			target = 252F12E719E0F61200DB613C /* CSServerNotification */;
			targetProxy = 252F130219E0F61200DB613C /* PBXContainerItemProxy */;
		};
/* End PBXTargetDependency section */

/* Begin PBXVariantGroup section */
		252F12F519E0F61200DB613C /* Main.storyboard */ = {
			isa = PBXVariantGroup;
			children = (
				252F12F619E0F61200DB613C /* Base */,
			);
			name = Main.storyboard;
			sourceTree = "<group>";
		};
		252F12FA19E0F61200DB613C /* LaunchScreen.xib */ = {
			isa = PBXVariantGroup;
			children = (
				252F12FB19E0F61200DB613C /* Base */,
			);
			name = LaunchScreen.xib;
			sourceTree = "<group>";
		};
/* End PBXVariantGroup section */

/* Begin XCBuildConfiguration section */
		252F130919E0F61200DB613C /* Debug */ = {
			isa = XCBuildConfiguration;
			buildSettings = {
				ALWAYS_SEARCH_USER_PATHS = NO;
				CLANG_CXX_LANGUAGE_STANDARD = "gnu++0x";
				CLANG_CXX_LIBRARY = "libc++";
				CLANG_ENABLE_MODULES = YES;
				CLANG_ENABLE_OBJC_ARC = YES;
				CLANG_WARN_BOOL_CONVERSION = YES;
				CLANG_WARN_CONSTANT_CONVERSION = YES;
				CLANG_WARN_DIRECT_OBJC_ISA_USAGE = YES_ERROR;
				CLANG_WARN_EMPTY_BODY = YES;
				CLANG_WARN_ENUM_CONVERSION = YES;
				CLANG_WARN_INT_CONVERSION = YES;
				CLANG_WARN_OBJC_ROOT_CLASS = YES_ERROR;
				CLANG_WARN_UNREACHABLE_CODE = YES;
				CLANG_WARN__DUPLICATE_METHOD_MATCH = YES;
				"CODE_SIGN_IDENTITY[sdk=iphoneos*]" = "iPhone Developer";
				COPY_PHASE_STRIP = NO;
				ENABLE_STRICT_OBJC_MSGSEND = YES;
				GCC_C_LANGUAGE_STANDARD = gnu99;
				GCC_DYNAMIC_NO_PIC = NO;
				GCC_OPTIMIZATION_LEVEL = 0;
				GCC_PREPROCESSOR_DEFINITIONS = (
					"DEBUG=1",
					"$(inherited)",
				);
				GCC_SYMBOLS_PRIVATE_EXTERN = NO;
				GCC_WARN_64_TO_32_BIT_CONVERSION = YES;
				GCC_WARN_ABOUT_RETURN_TYPE = YES_ERROR;
				GCC_WARN_UNDECLARED_SELECTOR = YES;
				GCC_WARN_UNINITIALIZED_AUTOS = YES_AGGRESSIVE;
				GCC_WARN_UNUSED_FUNCTION = YES;
				GCC_WARN_UNUSED_VARIABLE = YES;
				IPHONEOS_DEPLOYMENT_TARGET = 8.0;
				MTL_ENABLE_DEBUG_INFO = YES;
				ONLY_ACTIVE_ARCH = YES;
				SDKROOT = iphoneos;
				TARGETED_DEVICE_FAMILY = "1,2";
			};
			name = Debug;
		};
		252F130A19E0F61200DB613C /* Release */ = {
			isa = XCBuildConfiguration;
			buildSettings = {
				ALWAYS_SEARCH_USER_PATHS = NO;
				CLANG_CXX_LANGUAGE_STANDARD = "gnu++0x";
				CLANG_CXX_LIBRARY = "libc++";
				CLANG_ENABLE_MODULES = YES;
				CLANG_ENABLE_OBJC_ARC = YES;
				CLANG_WARN_BOOL_CONVERSION = YES;
				CLANG_WARN_CONSTANT_CONVERSION = YES;
				CLANG_WARN_DIRECT_OBJC_ISA_USAGE = YES_ERROR;
				CLANG_WARN_EMPTY_BODY = YES;
				CLANG_WARN_ENUM_CONVERSION = YES;
				CLANG_WARN_INT_CONVERSION = YES;
				CLANG_WARN_OBJC_ROOT_CLASS = YES_ERROR;
				CLANG_WARN_UNREACHABLE_CODE = YES;
				CLANG_WARN__DUPLICATE_METHOD_MATCH = YES;
				"CODE_SIGN_IDENTITY[sdk=iphoneos*]" = "iPhone Developer";
				COPY_PHASE_STRIP = YES;
				ENABLE_NS_ASSERTIONS = NO;
				ENABLE_STRICT_OBJC_MSGSEND = YES;
				GCC_C_LANGUAGE_STANDARD = gnu99;
				GCC_WARN_64_TO_32_BIT_CONVERSION = YES;
				GCC_WARN_ABOUT_RETURN_TYPE = YES_ERROR;
				GCC_WARN_UNDECLARED_SELECTOR = YES;
				GCC_WARN_UNINITIALIZED_AUTOS = YES_AGGRESSIVE;
				GCC_WARN_UNUSED_FUNCTION = YES;
				GCC_WARN_UNUSED_VARIABLE = YES;
				IPHONEOS_DEPLOYMENT_TARGET = 8.0;
				MTL_ENABLE_DEBUG_INFO = NO;
				SDKROOT = iphoneos;
				TARGETED_DEVICE_FAMILY = "1,2";
				VALIDATE_PRODUCT = YES;
			};
			name = Release;
		};
		252F130C19E0F61200DB613C /* Debug */ = {
			isa = XCBuildConfiguration;
			buildSettings = {
				ASSETCATALOG_COMPILER_APPICON_NAME = AppIcon;
				INFOPLIST_FILE = CSServerNotification/Info.plist;
				LD_RUNPATH_SEARCH_PATHS = "$(inherited) @executable_path/Frameworks";
				PRODUCT_NAME = "$(TARGET_NAME)";
			};
			name = Debug;
		};
		252F130D19E0F61200DB613C /* Release */ = {
			isa = XCBuildConfiguration;
			buildSettings = {
				ASSETCATALOG_COMPILER_APPICON_NAME = AppIcon;
				INFOPLIST_FILE = CSServerNotification/Info.plist;
				LD_RUNPATH_SEARCH_PATHS = "$(inherited) @executable_path/Frameworks";
				PRODUCT_NAME = "$(TARGET_NAME)";
			};
			name = Release;
		};
		252F130F19E0F61200DB613C /* Debug */ = {
			isa = XCBuildConfiguration;
			buildSettings = {
				BUNDLE_LOADER = "$(TEST_HOST)";
				FRAMEWORK_SEARCH_PATHS = (
					"$(SDKROOT)/Developer/Library/Frameworks",
					"$(inherited)",
				);
				GCC_PREPROCESSOR_DEFINITIONS = (
					"DEBUG=1",
					"$(inherited)",
				);
				INFOPLIST_FILE = CSServerNotificationTests/Info.plist;
				LD_RUNPATH_SEARCH_PATHS = "$(inherited) @executable_path/Frameworks @loader_path/Frameworks";
				PRODUCT_NAME = "$(TARGET_NAME)";
				TEST_HOST = "$(BUILT_PRODUCTS_DIR)/CSServerNotification.app/CSServerNotification";
			};
			name = Debug;
		};
		252F131019E0F61200DB613C /* Release */ = {
			isa = XCBuildConfiguration;
			buildSettings = {
				BUNDLE_LOADER = "$(TEST_HOST)";
				FRAMEWORK_SEARCH_PATHS = (
					"$(SDKROOT)/Developer/Library/Frameworks",
					"$(inherited)",
				);
				INFOPLIST_FILE = CSServerNotificationTests/Info.plist;
				LD_RUNPATH_SEARCH_PATHS = "$(inherited) @executable_path/Frameworks @loader_path/Frameworks";
				PRODUCT_NAME = "$(TARGET_NAME)";
				TEST_HOST = "$(BUILT_PRODUCTS_DIR)/CSServerNotification.app/CSServerNotification";
			};
			name = Release;
		};
/* End XCBuildConfiguration section */

/* Begin XCConfigurationList section */
		252F12E319E0F61200DB613C /* Build configuration list for PBXProject "CSServerNotification" */ = {
			isa = XCConfigurationList;
			buildConfigurations = (
				252F130919E0F61200DB613C /* Debug */,
				252F130A19E0F61200DB613C /* Release */,
			);
			defaultConfigurationIsVisible = 0;
			defaultConfigurationName = Release;
		};
		252F130B19E0F61200DB613C /* Build configuration list for PBXNativeTarget "CSServerNotification" */ = {
			isa = XCConfigurationList;
			buildConfigurations = (
				252F130C19E0F61200DB613C /* Debug */,
				252F130D19E0F61200DB613C /* Release */,
			);
			defaultConfigurationIsVisible = 0;
			defaultConfigurationName = Release;
		};
		252F130E19E0F61200DB613C /* Build configuration list for PBXNativeTarget "CSServerNotificationTests" */ = {
			isa = XCConfigurationList;
			buildConfigurations = (
				252F130F19E0F61200DB613C /* Debug */,
				252F131019E0F61200DB613C /* Release */,
			);
			defaultConfigurationIsVisible = 0;
			defaultConfigurationName = Release;
		};
/* End XCConfigurationList section */
	};
	rootObject = 252F12E019E0F61200DB613C /* Project object */;
}
